<?xml version="1.0" encoding="utf-8"?>
<Project ToolsVersion="4.0" xmlns="http://schemas.microsoft.com/developer/msbuild/2003">
  <ItemGroup>
    <Filter Include="win32">
      <UniqueIdentifier>{84a8ebd7-7cf0-47f6-b75e-d441df67da40}</UniqueIdentifier>
    </Filter>
    <Filter Include="Classes">
      <UniqueIdentifier>{bb6c862e-70e9-49d9-81b7-3829a6f50471}</UniqueIdentifier>
    </Filter>
    <Filter Include="resource">
      <UniqueIdentifier>{715254bc-d70b-4ec5-bf29-467dd3ace079}</UniqueIdentifier>
    </Filter>
    <Filter Include="Classes\Utils">
      <UniqueIdentifier>{b5601669-d975-4c07-b418-9673ae86003b}</UniqueIdentifier>
    </Filter>
    <Filter Include="Classes\test">
      <UniqueIdentifier>{35db2b31-519b-4e7c-9c85-ead88c5ceada}</UniqueIdentifier>
    </Filter>
    <Filter Include="Classes\test\FixtureTest">
      <UniqueIdentifier>{25da7e49-1aa4-4cd1-be5b-fa24f887cee7}</UniqueIdentifier>
    </Filter>
    <Filter Include="Classes\test\WorldTest">
      <UniqueIdentifier>{d3cfbdc6-7524-485c-b17a-8c8b4b38a1ca}</UniqueIdentifier>
    </Filter>
    <Filter Include="Classes\test\MoveTest">
      <UniqueIdentifier>{892500ee-cb35-48ee-be10-e186e7238f43}</UniqueIdentifier>
    </Filter>
    <Filter Include="Classes\test\ContactTest">
      <UniqueIdentifier>{d9da0fb1-67ea-425a-be4f-181b4de89aa1}</UniqueIdentifier>
    </Filter>
  </ItemGroup>
  <ItemGroup>
    <ClCompile Include="main.cpp">
      <Filter>win32</Filter>
    </ClCompile>
    <ClCompile Include="..\Classes\AppDelegate.cpp">
      <Filter>Classes</Filter>
    </ClCompile>
    <ClCompile Include="..\Classes\HelloWorldScene.cpp">
      <Filter>Classes</Filter>
    </ClCompile>
    <ClCompile Include="..\Classes\Utils\GLES-Render.cpp">
      <Filter>Classes\Utils</Filter>
    </ClCompile>
    <ClCompile Include="..\Classes\test\FixtureTest\FixtureTest.cpp">
      <Filter>Classes\test\FixtureTest</Filter>
    </ClCompile>
    <ClCompile Include="..\Classes\test\WorldTest\WorldTest.cpp">
      <Filter>Classes\test\WorldTest</Filter>
    </ClCompile>
    <ClCompile Include="..\Classes\test\MoveTest\MoveTest.cpp">
      <Filter>Classes\test\MoveTest</Filter>
    </ClCompile>
    <ClCompile Include="..\Classes\test\ContactTest\ContactTest.cpp">
      <Filter>Classes\test\ContactTest</Filter>
    </ClCompile>
  </ItemGroup>
  <ItemGroup>
    <ClInclude Include="main.h">
      <Filter>win32</Filter>
    </ClInclude>
    <ClInclude Include="..\Classes\AppDelegate.h">
      <Filter>Classes</Filter>
    </ClInclude>
    <ClInclude Include="..\Classes\HelloWorldScene.h">
      <Filter>Classes</Filter>
    </ClInclude>
    <ClInclude Include="..\Classes\Utils\GLES-Render.h">
      <Filter>Classes\Utils</Filter>
    </ClInclude>
    <ClInclude Include="..\Classes\test\FixtureTest\FixtureTest.h">
      <Filter>Classes\test\FixtureTest</Filter>
    </ClInclude>
    <ClInclude Include="..\Classes\test\WorldTest\WorldTest.h">
      <Filter>Classes\test\WorldTest</Filter>
    </ClInclude>
    <ClInclude Include="..\Classes\test\MoveTest\MoveTest.h">
      <Filter>Classes\test\MoveTest</Filter>
    </ClInclude>
    <ClInclude Include="..\Classes\test\ContactTest\ContactTest.h">
      <Filter>Classes\test\ContactTest</Filter>
    </ClInclude>
  </ItemGroup>
  <ItemGroup>
    <ResourceCompile Include="game.rc">
      <Filter>resource</Filter>
    </ResourceCompile>
  </ItemGroup>
</Project>